
Microsoft Visual Studio Solution File, Format Version 12.00
# Visual Studio Version 16
VisualStudioVersion = 16.0.31321.278
MinimumVisualStudioVersion = 10.0.40219.1
Project("{9A19103F-16F7-4668-BE54-9A1E7A4F7556}") = "Catalog.API", "Services\Catalog\Catalog.API\Catalog.API.csproj", "{9D081AD5-44FD-4B26-A035-1E954DB6C184}"
EndProject
Project("{E53339B2-1760-4266-BCC7-CA923CBCF16C}") = "docker-compose", "docker-compose.dcproj", "{A9DF4D14-473A-4967-B3F9-B5EB2DFCA1D6}"
EndProject
Project("{2150E333-8FDC-42A3-9474-1A3956D46DE8}") = "Services", "Services", "{5B61570E-EE4F-4D63-8422-CF5B876714E2}"
EndProject
Project("{2150E333-8FDC-42A3-9474-1A3956D46DE8}") = "Catalog", "Catalog", "{50749F2E-C420-4BBB-B7D5-3FF3BEB4EA6D}"
EndProject
Project("{9A19103F-16F7-4668-BE54-9A1E7A4F7556}") = "Basket.API", "Services\Basket\Basket.API\Basket.API.csproj", "{2E5CC258-72EB-4A2D-B3B2-C4BC683D1A7C}"
EndProject
Project("{2150E333-8FDC-42A3-9474-1A3956D46DE8}") = "Basket", "Basket", "{271FC69C-E7F9-4B37-91E0-A3C468D96574}"
EndProject
Project("{2150E333-8FDC-42A3-9474-1A3956D46DE8}") = "Discount", "Discount", "{7985DD92-2729-4CE3-BD39-5F04B5C682F2}"
EndProject
Project("{9A19103F-16F7-4668-BE54-9A1E7A4F7556}") = "Discount.API", "Services\Discount\Discount.API\Discount.API.csproj", "{83C6037B-E123-457E-86B1-4BBF558440F1}"
EndProject
Project("{9A19103F-16F7-4668-BE54-9A1E7A4F7556}") = "Discount.Grpc", "Services\Discount\Discount.Grpc\Discount.Grpc.csproj", "{4F3963C7-A378-4FA9-A57A-79D4A68C05D5}"
EndProject
Project("{9A19103F-16F7-4668-BE54-9A1E7A4F7556}") = "Discount.Infrastructure", "Services\Discount\Discount.Infrastructure\Discount.Infrastructure.csproj", "{0C9E5499-AF45-4A4C-8E15-9E0417A41D23}"
EndProject
Project("{9A19103F-16F7-4668-BE54-9A1E7A4F7556}") = "Discount.Entity", "Services\Discount\Discount.Entity\Discount.Entity.csproj", "{A0FC572D-DA51-4D76-8A95-E43CAEA0B292}"
EndProject
Project("{2150E333-8FDC-42A3-9474-1A3956D46DE8}") = "Ordering", "Ordering", "{9DDE7C3A-55CA-4CEC-9C3E-7DBD41399F41}"
EndProject
Project("{9A19103F-16F7-4668-BE54-9A1E7A4F7556}") = "Ordering.API", "Services\Ordering\Ordering.API\Ordering.API.csproj", "{60AA886B-5ACD-407B-B986-4CF529F234E5}"
EndProject
Project("{9A19103F-16F7-4668-BE54-9A1E7A4F7556}") = "Ordering.Domain", "Services\Ordering\Ordering.Domain\Ordering.Domain.csproj", "{AAC8E55E-0ED3-46E4-8725-67BB3C36E24C}"
EndProject
Project("{9A19103F-16F7-4668-BE54-9A1E7A4F7556}") = "Ordering.Application", "Services\Ordering\Ordering.Application\Ordering.Application.csproj", "{AC242906-667F-4C15-891C-39B6D3C732A9}"
EndProject
Project("{9A19103F-16F7-4668-BE54-9A1E7A4F7556}") = "Ordering.Infrastructure", "Services\Ordering\Ordering.Infrastructure\Ordering.Infrastructure.csproj", "{8D8D3672-EE67-4925-B367-DC60365E7A0B}"
EndProject
Project("{2150E333-8FDC-42A3-9474-1A3956D46DE8}") = "BuildingBlocks", "BuildingBlocks", "{9923FFF2-DF4E-4A0C-BEAB-85496C5D78BD}"
EndProject
Project("{9A19103F-16F7-4668-BE54-9A1E7A4F7556}") = "EventBus.Messages", "BuildingBlocks\EventBus.Messages\EventBus.Messages.csproj", "{EF9CAED3-8946-4B5B-91B0-819455D6F07E}"
EndProject
Project("{2150E333-8FDC-42A3-9474-1A3956D46DE8}") = "ApiGateways", "ApiGateways", "{10D8A60A-2A23-4DBA-A50D-0F644202A065}"
EndProject
Project("{9A19103F-16F7-4668-BE54-9A1E7A4F7556}") = "OcelotApiGateway", "ApiGateways\OcelotApiGateway\OcelotApiGateway.csproj", "{7EAB6DDE-8121-4FED-969D-36B1782341EE}"
EndProject
Project("{9A19103F-16F7-4668-BE54-9A1E7A4F7556}") = "Shipping.Aggregator", "ApiGateways\Shipping.Aggregator\Shipping.Aggregator.csproj", "{2AE7F01E-636F-4F67-A7C7-928BCC8B0D55}"
EndProject
Project("{2150E333-8FDC-42A3-9474-1A3956D46DE8}") = "WebApps", "WebApps", "{8948B3B4-5163-4F57-AED6-684936601997}"
EndProject
Project("{9A19103F-16F7-4668-BE54-9A1E7A4F7556}") = "AspnetRunBasics", "WebApps\AspnetRunBasics\AspnetRunBasics.csproj", "{D9E123C0-AF30-492E-AC43-AC52822AAD3D}"
EndProject
Project("{9A19103F-16F7-4668-BE54-9A1E7A4F7556}") = "Common.Logging", "BuildingBlocks\Common.Logging\Common.Logging.csproj", "{914E23D2-7E26-421D-8888-A5DFA7B01C6A}"
EndProject
Project("{FAE04EC0-301F-11D3-BF4B-00C04F79EFBC}") = "WebStatus", "WebApps\WebStatus\WebStatus.csproj", "{1F2F136E-FD19-405A-8B74-157B0F3ECE1C}"
EndProject
Global
	GlobalSection(SolutionConfigurationPlatforms) = preSolution
		Debug|Any CPU = Debug|Any CPU
		Release|Any CPU = Release|Any CPU
	EndGlobalSection
	GlobalSection(ProjectConfigurationPlatforms) = postSolution
		{9D081AD5-44FD-4B26-A035-1E954DB6C184}.Debug|Any CPU.ActiveCfg = Debug|Any CPU
		{9D081AD5-44FD-4B26-A035-1E954DB6C184}.Debug|Any CPU.Build.0 = Debug|Any CPU
		{9D081AD5-44FD-4B26-A035-1E954DB6C184}.Release|Any CPU.ActiveCfg = Release|Any CPU
		{9D081AD5-44FD-4B26-A035-1E954DB6C184}.Release|Any CPU.Build.0 = Release|Any CPU
		{A9DF4D14-473A-4967-B3F9-B5EB2DFCA1D6}.Debug|Any CPU.ActiveCfg = Debug|Any CPU
		{A9DF4D14-473A-4967-B3F9-B5EB2DFCA1D6}.Debug|Any CPU.Build.0 = Debug|Any CPU
		{A9DF4D14-473A-4967-B3F9-B5EB2DFCA1D6}.Release|Any CPU.ActiveCfg = Release|Any CPU
		{A9DF4D14-473A-4967-B3F9-B5EB2DFCA1D6}.Release|Any CPU.Build.0 = Release|Any CPU
		{2E5CC258-72EB-4A2D-B3B2-C4BC683D1A7C}.Debug|Any CPU.ActiveCfg = Debug|Any CPU
		{2E5CC258-72EB-4A2D-B3B2-C4BC683D1A7C}.Debug|Any CPU.Build.0 = Debug|Any CPU
		{2E5CC258-72EB-4A2D-B3B2-C4BC683D1A7C}.Release|Any CPU.ActiveCfg = Release|Any CPU
		{2E5CC258-72EB-4A2D-B3B2-C4BC683D1A7C}.Release|Any CPU.Build.0 = Release|Any CPU
		{83C6037B-E123-457E-86B1-4BBF558440F1}.Debug|Any CPU.ActiveCfg = Debug|Any CPU
		{83C6037B-E123-457E-86B1-4BBF558440F1}.Debug|Any CPU.Build.0 = Debug|Any CPU
		{83C6037B-E123-457E-86B1-4BBF558440F1}.Release|Any CPU.ActiveCfg = Release|Any CPU
		{83C6037B-E123-457E-86B1-4BBF558440F1}.Release|Any CPU.Build.0 = Release|Any CPU
		{4F3963C7-A378-4FA9-A57A-79D4A68C05D5}.Debug|Any CPU.ActiveCfg = Debug|Any CPU
		{4F3963C7-A378-4FA9-A57A-79D4A68C05D5}.Debug|Any CPU.Build.0 = Debug|Any CPU
		{4F3963C7-A378-4FA9-A57A-79D4A68C05D5}.Release|Any CPU.ActiveCfg = Release|Any CPU
		{4F3963C7-A378-4FA9-A57A-79D4A68C05D5}.Release|Any CPU.Build.0 = Release|Any CPU
		{0C9E5499-AF45-4A4C-8E15-9E0417A41D23}.Debug|Any CPU.ActiveCfg = Debug|Any CPU
		{0C9E5499-AF45-4A4C-8E15-9E0417A41D23}.Debug|Any CPU.Build.0 = Debug|Any CPU
		{0C9E5499-AF45-4A4C-8E15-9E0417A41D23}.Release|Any CPU.ActiveCfg = Release|Any CPU
		{0C9E5499-AF45-4A4C-8E15-9E0417A41D23}.Release|Any CPU.Build.0 = Release|Any CPU
		{A0FC572D-DA51-4D76-8A95-E43CAEA0B292}.Debug|Any CPU.ActiveCfg = Debug|Any CPU
		{A0FC572D-DA51-4D76-8A95-E43CAEA0B292}.Debug|Any CPU.Build.0 = Debug|Any CPU
		{A0FC572D-DA51-4D76-8A95-E43CAEA0B292}.Release|Any CPU.ActiveCfg = Release|Any CPU
		{A0FC572D-DA51-4D76-8A95-E43CAEA0B292}.Release|Any CPU.Build.0 = Release|Any CPU
		{60AA886B-5ACD-407B-B986-4CF529F234E5}.Debug|Any CPU.ActiveCfg = Debug|Any CPU
		{60AA886B-5ACD-407B-B986-4CF529F234E5}.Debug|Any CPU.Build.0 = Debug|Any CPU
		{60AA886B-5ACD-407B-B986-4CF529F234E5}.Release|Any CPU.ActiveCfg = Release|Any CPU
		{60AA886B-5ACD-407B-B986-4CF529F234E5}.Release|Any CPU.Build.0 = Release|Any CPU
		{AAC8E55E-0ED3-46E4-8725-67BB3C36E24C}.Debug|Any CPU.ActiveCfg = Debug|Any CPU
		{AAC8E55E-0ED3-46E4-8725-67BB3C36E24C}.Debug|Any CPU.Build.0 = Debug|Any CPU
		{AAC8E55E-0ED3-46E4-8725-67BB3C36E24C}.Release|Any CPU.ActiveCfg = Release|Any CPU
		{AAC8E55E-0ED3-46E4-8725-67BB3C36E24C}.Release|Any CPU.Build.0 = Release|Any CPU
		{AC242906-667F-4C15-891C-39B6D3C732A9}.Debug|Any CPU.ActiveCfg = Debug|Any CPU
		{AC242906-667F-4C15-891C-39B6D3C732A9}.Debug|Any CPU.Build.0 = Debug|Any CPU
		{AC242906-667F-4C15-891C-39B6D3C732A9}.Release|Any CPU.ActiveCfg = Release|Any CPU
		{AC242906-667F-4C15-891C-39B6D3C732A9}.Release|Any CPU.Build.0 = Release|Any CPU
		{8D8D3672-EE67-4925-B367-DC60365E7A0B}.Debug|Any CPU.ActiveCfg = Debug|Any CPU
		{8D8D3672-EE67-4925-B367-DC60365E7A0B}.Debug|Any CPU.Build.0 = Debug|Any CPU
		{8D8D3672-EE67-4925-B367-DC60365E7A0B}.Release|Any CPU.ActiveCfg = Release|Any CPU
		{8D8D3672-EE67-4925-B367-DC60365E7A0B}.Release|Any CPU.Build.0 = Release|Any CPU
		{EF9CAED3-8946-4B5B-91B0-819455D6F07E}.Debug|Any CPU.ActiveCfg = Debug|Any CPU
		{EF9CAED3-8946-4B5B-91B0-819455D6F07E}.Debug|Any CPU.Build.0 = Debug|Any CPU
		{EF9CAED3-8946-4B5B-91B0-819455D6F07E}.Release|Any CPU.ActiveCfg = Release|Any CPU
		{EF9CAED3-8946-4B5B-91B0-819455D6F07E}.Release|Any CPU.Build.0 = Release|Any CPU
		{7EAB6DDE-8121-4FED-969D-36B1782341EE}.Debug|Any CPU.ActiveCfg = Debug|Any CPU
		{7EAB6DDE-8121-4FED-969D-36B1782341EE}.Debug|Any CPU.Build.0 = Debug|Any CPU
		{7EAB6DDE-8121-4FED-969D-36B1782341EE}.Release|Any CPU.ActiveCfg = Release|Any CPU
		{7EAB6DDE-8121-4FED-969D-36B1782341EE}.Release|Any CPU.Build.0 = Release|Any CPU
		{2AE7F01E-636F-4F67-A7C7-928BCC8B0D55}.Debug|Any CPU.ActiveCfg = Debug|Any CPU
		{2AE7F01E-636F-4F67-A7C7-928BCC8B0D55}.Debug|Any CPU.Build.0 = Debug|Any CPU
		{2AE7F01E-636F-4F67-A7C7-928BCC8B0D55}.Release|Any CPU.ActiveCfg = Release|Any CPU
		{2AE7F01E-636F-4F67-A7C7-928BCC8B0D55}.Release|Any CPU.Build.0 = Release|Any CPU
		{D9E123C0-AF30-492E-AC43-AC52822AAD3D}.Debug|Any CPU.ActiveCfg = Debug|Any CPU
		{D9E123C0-AF30-492E-AC43-AC52822AAD3D}.Debug|Any CPU.Build.0 = Debug|Any CPU
		{D9E123C0-AF30-492E-AC43-AC52822AAD3D}.Release|Any CPU.ActiveCfg = Release|Any CPU
		{D9E123C0-AF30-492E-AC43-AC52822AAD3D}.Release|Any CPU.Build.0 = Release|Any CPU
		{914E23D2-7E26-421D-8888-A5DFA7B01C6A}.Debug|Any CPU.ActiveCfg = Debug|Any CPU
		{914E23D2-7E26-421D-8888-A5DFA7B01C6A}.Debug|Any CPU.Build.0 = Debug|Any CPU
		{914E23D2-7E26-421D-8888-A5DFA7B01C6A}.Release|Any CPU.ActiveCfg = Release|Any CPU
		{914E23D2-7E26-421D-8888-A5DFA7B01C6A}.Release|Any CPU.Build.0 = Release|Any CPU
		{1F2F136E-FD19-405A-8B74-157B0F3ECE1C}.Debug|Any CPU.ActiveCfg = Debug|Any CPU
		{1F2F136E-FD19-405A-8B74-157B0F3ECE1C}.Debug|Any CPU.Build.0 = Debug|Any CPU
		{1F2F136E-FD19-405A-8B74-157B0F3ECE1C}.Release|Any CPU.ActiveCfg = Release|Any CPU
		{1F2F136E-FD19-405A-8B74-157B0F3ECE1C}.Release|Any CPU.Build.0 = Release|Any CPU
	EndGlobalSection
	GlobalSection(SolutionProperties) = preSolution
		HideSolutionNode = FALSE
	EndGlobalSection
	GlobalSection(NestedProjects) = preSolution
		{9D081AD5-44FD-4B26-A035-1E954DB6C184} = {50749F2E-C420-4BBB-B7D5-3FF3BEB4EA6D}
		{50749F2E-C420-4BBB-B7D5-3FF3BEB4EA6D} = {5B61570E-EE4F-4D63-8422-CF5B876714E2}
		{2E5CC258-72EB-4A2D-B3B2-C4BC683D1A7C} = {271FC69C-E7F9-4B37-91E0-A3C468D96574}
		{271FC69C-E7F9-4B37-91E0-A3C468D96574} = {5B61570E-EE4F-4D63-8422-CF5B876714E2}
		{7985DD92-2729-4CE3-BD39-5F04B5C682F2} = {5B61570E-EE4F-4D63-8422-CF5B876714E2}
		{83C6037B-E123-457E-86B1-4BBF558440F1} = {7985DD92-2729-4CE3-BD39-5F04B5C682F2}
		{4F3963C7-A378-4FA9-A57A-79D4A68C05D5} = {7985DD92-2729-4CE3-BD39-5F04B5C682F2}
		{0C9E5499-AF45-4A4C-8E15-9E0417A41D23} = {7985DD92-2729-4CE3-BD39-5F04B5C682F2}
		{A0FC572D-DA51-4D76-8A95-E43CAEA0B292} = {7985DD92-2729-4CE3-BD39-5F04B5C682F2}
		{9DDE7C3A-55CA-4CEC-9C3E-7DBD41399F41} = {5B61570E-EE4F-4D63-8422-CF5B876714E2}
		{60AA886B-5ACD-407B-B986-4CF529F234E5} = {9DDE7C3A-55CA-4CEC-9C3E-7DBD41399F41}
		{AAC8E55E-0ED3-46E4-8725-67BB3C36E24C} = {9DDE7C3A-55CA-4CEC-9C3E-7DBD41399F41}
		{AC242906-667F-4C15-891C-39B6D3C732A9} = {9DDE7C3A-55CA-4CEC-9C3E-7DBD41399F41}
		{8D8D3672-EE67-4925-B367-DC60365E7A0B} = {9DDE7C3A-55CA-4CEC-9C3E-7DBD41399F41}
		{EF9CAED3-8946-4B5B-91B0-819455D6F07E} = {9923FFF2-DF4E-4A0C-BEAB-85496C5D78BD}
		{7EAB6DDE-8121-4FED-969D-36B1782341EE} = {10D8A60A-2A23-4DBA-A50D-0F644202A065}
		{2AE7F01E-636F-4F67-A7C7-928BCC8B0D55} = {10D8A60A-2A23-4DBA-A50D-0F644202A065}
		{D9E123C0-AF30-492E-AC43-AC52822AAD3D} = {8948B3B4-5163-4F57-AED6-684936601997}
		{914E23D2-7E26-421D-8888-A5DFA7B01C6A} = {9923FFF2-DF4E-4A0C-BEAB-85496C5D78BD}
		{1F2F136E-FD19-405A-8B74-157B0F3ECE1C} = {8948B3B4-5163-4F57-AED6-684936601997}
	EndGlobalSection
	GlobalSection(ExtensibilityGlobals) = postSolution
		SolutionGuid = {FB6D332D-E5BE-4690-A3F6-AF6E6936DFC0}
	EndGlobalSection
EndGlobal
